
Microsoft Visual Studio Solution File, Format Version 12.00
# Visual Studio Version 17
VisualStudioVersion = 17.7.34031.279
MinimumVisualStudioVersion = 10.0.40219.1
Project("{9A19103F-16F7-4668-BE54-9A1E7A4F7556}") = "LifeLine", "LifeLine\LifeLine.csproj", "{9960B096-19E5-417D-AD2C-5F5AA3C8C199}"
EndProject
Global
	GlobalSection(SolutionConfigurationPlatforms) = preSolution
		Debug|Any CPU = Debug|Any CPU
		Release|Any CPU = Release|Any CPU
	EndGlobalSection
	GlobalSection(ProjectConfigurationPlatforms) = postSolution
		{9960B096-19E5-417D-AD2C-5F5AA3C8C199}.Debug|Any CPU.ActiveCfg = Debug|Any CPU
		{9960B096-19E5-417D-AD2C-5F5AA3C8C199}.Debug|Any CPU.Build.0 = Debug|Any CPU
		{9960B096-19E5-417D-AD2C-5F5AA3C8C199}.Release|Any CPU.ActiveCfg = Release|Any CPU
		{9960B096-19E5-417D-AD2C-5F5AA3C8C199}.Release|Any CPU.Build.0 = Release|Any CPU
	EndGlobalSection
	GlobalSection(SolutionProperties) = preSolution
		HideSolutionNode = FALSE
	EndGlobalSection
	GlobalSection(ExtensibilityGlobals) = postSolution
		SolutionGuid = {3E6E0378-B0B7-4A4F-8787-6BA247139BD3}
	EndGlobalSection
EndGlobal
